
Microsoft Visual Studio Solution File, Format Version 12.00
# Visual Studio 15
VisualStudioVersion = 15.0.28010.2036
MinimumVisualStudioVersion = 10.0.40219.1
Project("{FAE04EC0-301F-11D3-BF4B-00C04F79EFBC}") = "YungsUnityTools", "YungsUnityTools\YungsUnityTools.csproj", "{DCA54A29-89DC-46D3-A175-6AA884DDB74D}"
EndProject
Project("{FAE04EC0-301F-11D3-BF4B-00C04F79EFBC}") = "YungsUnityToolsEditor", "YungsUnityToolsEditor\YungsUnityToolsEditor.csproj", "{0F9EF3EE-B246-46D4-8906-3929108FE017}"
EndProject
Global
	GlobalSection(SolutionConfigurationPlatforms) = preSolution
		Debug|Any CPU = Debug|Any CPU
		Release|Any CPU = Release|Any CPU
	EndGlobalSection
	GlobalSection(ProjectConfigurationPlatforms) = postSolution
		{DCA54A29-89DC-46D3-A175-6AA884DDB74D}.Debug|Any CPU.ActiveCfg = Debug|Any CPU
		{DCA54A29-89DC-46D3-A175-6AA884DDB74D}.Debug|Any CPU.Build.0 = Debug|Any CPU
		{DCA54A29-89DC-46D3-A175-6AA884DDB74D}.Release|Any CPU.ActiveCfg = Release|Any CPU
		{DCA54A29-89DC-46D3-A175-6AA884DDB74D}.Release|Any CPU.Build.0 = Release|Any CPU
		{0F9EF3EE-B246-46D4-8906-3929108FE017}.Debug|Any CPU.ActiveCfg = Debug|Any CPU
		{0F9EF3EE-B246-46D4-8906-3929108FE017}.Debug|Any CPU.Build.0 = Debug|Any CPU
		{0F9EF3EE-B246-46D4-8906-3929108FE017}.Release|Any CPU.ActiveCfg = Release|Any CPU
		{0F9EF3EE-B246-46D4-8906-3929108FE017}.Release|Any CPU.Build.0 = Release|Any CPU
	EndGlobalSection
	GlobalSection(SolutionProperties) = preSolution
		HideSolutionNode = FALSE
	EndGlobalSection
	GlobalSection(ExtensibilityGlobals) = postSolution
		SolutionGuid = {B8538B9D-28FB-4920-ADCF-AD5545D3ACAB}
	EndGlobalSection
EndGlobal
